
Microsoft Visual Studio Solution File, Format Version 12.00
# Visual Studio Version 17
VisualStudioVersion = 17.14.36511.14 d17.14
MinimumVisualStudioVersion = 10.0.40219.1
Project("{FAE04EC0-301F-11D3-BF4B-00C04F79EFBC}") = "GlowBook.Model", "GlowBook.Model\GlowBook.Model.csproj", "{11A09E8D-7295-4848-8610-2FBF36643355}"
EndProject
Project("{FAE04EC0-301F-11D3-BF4B-00C04F79EFBC}") = "GlowBook.Web", "GlowBook.Web\GlowBook.Web.csproj", "{26854C0C-5ADD-4487-A425-A1521788D57B}"
EndProject
Project("{FAE04EC0-301F-11D3-BF4B-00C04F79EFBC}") = "GlowBook.Mobile", "GlowBook.Mobile\GlowBook.Mobile.csproj", "{9B3E90AD-10AA-4C05-86BE-B99A0C186A8B}"
EndProject
Global
	GlobalSection(SolutionConfigurationPlatforms) = preSolution
		Debug|Any CPU = Debug|Any CPU
		Release|Any CPU = Release|Any CPU
	EndGlobalSection
	GlobalSection(ProjectConfigurationPlatforms) = postSolution
		{11A09E8D-7295-4848-8610-2FBF36643355}.Debug|Any CPU.ActiveCfg = Debug|Any CPU
		{11A09E8D-7295-4848-8610-2FBF36643355}.Debug|Any CPU.Build.0 = Debug|Any CPU
		{11A09E8D-7295-4848-8610-2FBF36643355}.Release|Any CPU.ActiveCfg = Release|Any CPU
		{11A09E8D-7295-4848-8610-2FBF36643355}.Release|Any CPU.Build.0 = Release|Any CPU
		{26854C0C-5ADD-4487-A425-A1521788D57B}.Debug|Any CPU.ActiveCfg = Debug|Any CPU
		{26854C0C-5ADD-4487-A425-A1521788D57B}.Debug|Any CPU.Build.0 = Debug|Any CPU
		{26854C0C-5ADD-4487-A425-A1521788D57B}.Release|Any CPU.ActiveCfg = Release|Any CPU
		{26854C0C-5ADD-4487-A425-A1521788D57B}.Release|Any CPU.Build.0 = Release|Any CPU
		{9B3E90AD-10AA-4C05-86BE-B99A0C186A8B}.Debug|Any CPU.ActiveCfg = Debug|Any CPU
		{9B3E90AD-10AA-4C05-86BE-B99A0C186A8B}.Debug|Any CPU.Build.0 = Debug|Any CPU
		{9B3E90AD-10AA-4C05-86BE-B99A0C186A8B}.Release|Any CPU.ActiveCfg = Release|Any CPU
		{9B3E90AD-10AA-4C05-86BE-B99A0C186A8B}.Release|Any CPU.Build.0 = Release|Any CPU
	EndGlobalSection
	GlobalSection(SolutionProperties) = preSolution
		HideSolutionNode = FALSE
	EndGlobalSection
	GlobalSection(ExtensibilityGlobals) = postSolution
		SolutionGuid = {C411302F-0089-49D1-8CCB-1285E50BB44B}
	EndGlobalSection
EndGlobal
